
Microsoft Visual Studio Solution File, Format Version 12.00
# Visual Studio Version 16
VisualStudioVersion = 16.0.29123.89
MinimumVisualStudioVersion = 10.0.40219.1
Project("{FAE04EC0-301F-11D3-BF4B-00C04F79EFBC}") = "neo-gui", "neo-gui\neo-gui.csproj", "{CFC243F0-F4E3-4754-8E21-8BA17E1C1788}"
EndProject
Project("{9A19103F-16F7-4668-BE54-9A1E7A4F7556}") = "neo-vm", "C:\Users\lucas\Desktop\NativeContract\neo-vm\src\neo-vm\neo-vm.csproj", "{322D80BB-7AA2-4721-B2F4-78E58C31B21C}"
EndProject
Project("{9A19103F-16F7-4668-BE54-9A1E7A4F7556}") = "neo", "neo\neo.csproj", "{3D609DB3-F0DB-4662-B5BA-150024196443}"
EndProject
Global
	GlobalSection(SolutionConfigurationPlatforms) = preSolution
		Debug|Any CPU = Debug|Any CPU
		Release|Any CPU = Release|Any CPU
	EndGlobalSection
	GlobalSection(ProjectConfigurationPlatforms) = postSolution
		{CFC243F0-F4E3-4754-8E21-8BA17E1C1788}.Debug|Any CPU.ActiveCfg = Debug|Any CPU
		{CFC243F0-F4E3-4754-8E21-8BA17E1C1788}.Debug|Any CPU.Build.0 = Debug|Any CPU
		{CFC243F0-F4E3-4754-8E21-8BA17E1C1788}.Release|Any CPU.ActiveCfg = Release|Any CPU
		{CFC243F0-F4E3-4754-8E21-8BA17E1C1788}.Release|Any CPU.Build.0 = Release|Any CPU
		{322D80BB-7AA2-4721-B2F4-78E58C31B21C}.Debug|Any CPU.ActiveCfg = Debug|Any CPU
		{322D80BB-7AA2-4721-B2F4-78E58C31B21C}.Debug|Any CPU.Build.0 = Debug|Any CPU
		{322D80BB-7AA2-4721-B2F4-78E58C31B21C}.Release|Any CPU.ActiveCfg = Release|Any CPU
		{322D80BB-7AA2-4721-B2F4-78E58C31B21C}.Release|Any CPU.Build.0 = Release|Any CPU
		{3D609DB3-F0DB-4662-B5BA-150024196443}.Debug|Any CPU.ActiveCfg = Debug|Any CPU
		{3D609DB3-F0DB-4662-B5BA-150024196443}.Debug|Any CPU.Build.0 = Debug|Any CPU
		{3D609DB3-F0DB-4662-B5BA-150024196443}.Release|Any CPU.ActiveCfg = Release|Any CPU
		{3D609DB3-F0DB-4662-B5BA-150024196443}.Release|Any CPU.Build.0 = Release|Any CPU
	EndGlobalSection
	GlobalSection(SolutionProperties) = preSolution
		HideSolutionNode = FALSE
	EndGlobalSection
	GlobalSection(ExtensibilityGlobals) = postSolution
		SolutionGuid = {C013EA9E-2549-48AC-96D1-BD248F7A1279}
	EndGlobalSection
EndGlobal
